Microsoft Visual Studio Solution File, Format Version 12.00
# Visual Studio Version 16
VisualStudioVersion = 16.0.29613.14
MinimumVisualStudioVersion = 10.0.40219.1
Project("{FAE04EC0-301F-11D3-BF4B-00C04F79EFBC}") = "algorandapp.Android", "app\algorandapp.Android\algorandapp.Android.csproj", "{CAD279A1-993F-456F-A200-7113A44E9E13}"
EndProject
Project("{FAE04EC0-301F-11D3-BF4B-00C04F79EFBC}") = "algorandapp.iOS", "app\algorandapp.iOS\algorandapp.iOS.csproj", "{3D8488E0-5101-4301-82D6-304AE6FB9D56}"
EndProject
Project("{9A19103F-16F7-4668-BE54-9A1E7A4F7556}") = "algorandapp", "app\algorandapp\algorandapp.csproj", "{9C1007A0-09FB-447F-9DD9-D91EB572EE5C}"
EndProject
Project("{FAE04EC0-301F-11D3-BF4B-00C04F79EFBC}") = "algorandapp.UWP", "algorandapp.UWP\algorandapp.UWP.csproj", "{3CFB83B5-B2DE-4DC5-A2CE-9A309F15186C}"
EndProject
Global
	GlobalSection(SolutionConfigurationPlatforms) = preSolution
		Debug|Any CPU = Debug|Any CPU
		Debug|ARM = Debug|ARM
		Debug|ARM64 = Debug|ARM64
		Debug|iPhone = Debug|iPhone
		Debug|iPhoneSimulator = Debug|iPhoneSimulator
		Debug|x64 = Debug|x64
		Debug|x86 = Debug|x86
		Release|Any CPU = Release|Any CPU
		Release|ARM = Release|ARM
		Release|ARM64 = Release|ARM64
		Release|iPhone = Release|iPhone
		Release|iPhoneSimulator = Release|iPhoneSimulator
		Release|x64 = Release|x64
		Release|x86 = Release|x86
	EndGlobalSection
	GlobalSection(ProjectConfigurationPlatforms) = postSolution
		{CAD279A1-993F-456F-A200-7113A44E9E13}.Debug|Any CPU.ActiveCfg = Debug|Any CPU
		{CAD279A1-993F-456F-A200-7113A44E9E13}.Debug|Any CPU.Build.0 = Debug|Any CPU
		{CAD279A1-993F-456F-A200-7113A44E9E13}.Debug|ARM.ActiveCfg = Debug|Any CPU
		{CAD279A1-993F-456F-A200-7113A44E9E13}.Debug|ARM.Build.0 = Debug|Any CPU
		{CAD279A1-993F-456F-A200-7113A44E9E13}.Debug|ARM.Deploy.0 = Debug|Any CPU
		{CAD279A1-993F-456F-A200-7113A44E9E13}.Debug|ARM64.ActiveCfg = Debug|Any CPU
		{CAD279A1-993F-456F-A200-7113A44E9E13}.Debug|ARM64.Build.0 = Debug|Any CPU
		{CAD279A1-993F-456F-A200-7113A44E9E13}.Debug|ARM64.Deploy.0 = Debug|Any CPU
		{CAD279A1-993F-456F-A200-7113A44E9E13}.Debug|iPhone.ActiveCfg = Debug|Any CPU
		{CAD279A1-993F-456F-A200-7113A44E9E13}.Debug|iPhone.Build.0 = Debug|Any CPU
		{CAD279A1-993F-456F-A200-7113A44E9E13}.Debug|iPhoneSimulator.ActiveCfg = Debug|Any CPU
		{CAD279A1-993F-456F-A200-7113A44E9E13}.Debug|iPhoneSimulator.Build.0 = Debug|Any CPU
		{CAD279A1-993F-456F-A200-7113A44E9E13}.Debug|x64.ActiveCfg = Debug|Any CPU
		{CAD279A1-993F-456F-A200-7113A44E9E13}.Debug|x64.Build.0 = Debug|Any CPU
		{CAD279A1-993F-456F-A200-7113A44E9E13}.Debug|x64.Deploy.0 = Debug|Any CPU
		{CAD279A1-993F-456F-A200-7113A44E9E13}.Debug|x86.ActiveCfg = Debug|Any CPU
		{CAD279A1-993F-456F-A200-7113A44E9E13}.Debug|x86.Build.0 = Debug|Any CPU
		{CAD279A1-993F-456F-A200-7113A44E9E13}.Debug|x86.Deploy.0 = Debug|Any CPU
		{CAD279A1-993F-456F-A200-7113A44E9E13}.Release|Any CPU.ActiveCfg = Release|Any CPU
		{CAD279A1-993F-456F-A200-7113A44E9E13}.Release|Any CPU.Build.0 = Release|Any CPU
		{CAD279A1-993F-456F-A200-7113A44E9E13}.Release|ARM.ActiveCfg = Release|Any CPU
		{CAD279A1-993F-456F-A200-7113A44E9E13}.Release|ARM.Build.0 = Release|Any CPU
		{CAD279A1-993F-456F-A200-7113A44E9E13}.Release|ARM.Deploy.0 = Release|Any CPU
		{CAD279A1-993F-456F-A200-7113A44E9E13}.Release|ARM64.ActiveCfg = Release|Any CPU
		{CAD279A1-993F-456F-A200-7113A44E9E13}.Release|ARM64.Build.0 = Release|Any CPU
		{CAD279A1-993F-456F-A200-7113A44E9E13}.Release|ARM64.Deploy.0 = Release|Any CPU
		{CAD279A1-993F-456F-A200-7113A44E9E13}.Release|iPhone.ActiveCfg = Release|Any CPU
		{CAD279A1-993F-456F-A200-7113A44E9E13}.Release|iPhone.Build.0 = Release|Any CPU
		{CAD279A1-993F-456F-A200-7113A44E9E13}.Release|iPhoneSimulator.ActiveCfg = Release|Any CPU
		{CAD279A1-993F-456F-A200-7113A44E9E13}.Release|iPhoneSimulator.Build.0 = Release|Any CPU
		{CAD279A1-993F-456F-A200-7113A44E9E13}.Release|x64.ActiveCfg = Release|Any CPU
		{CAD279A1-993F-456F-A200-7113A44E9E13}.Release|x64.Build.0 = Release|Any CPU
		{CAD279A1-993F-456F-A200-7113A44E9E13}.Release|x64.Deploy.0 = Release|Any CPU
		{CAD279A1-993F-456F-A200-7113A44E9E13}.Release|x86.ActiveCfg = Release|Any CPU
		{CAD279A1-993F-456F-A200-7113A44E9E13}.Release|x86.Build.0 = Release|Any CPU
		{CAD279A1-993F-456F-A200-7113A44E9E13}.Release|x86.Deploy.0 = Release|Any CPU
		{3D8488E0-5101-4301-82D6-304AE6FB9D56}.Debug|Any CPU.ActiveCfg = Debug|iPhoneSimulator
		{3D8488E0-5101-4301-82D6-304AE6FB9D56}.Debug|Any CPU.Build.0 = Debug|iPhoneSimulator
		{3D8488E0-5101-4301-82D6-304AE6FB9D56}.Debug|ARM.ActiveCfg = Debug|iPhone
		{3D8488E0-5101-4301-82D6-304AE6FB9D56}.Debug|ARM64.ActiveCfg = Debug|iPhone
		{3D8488E0-5101-4301-82D6-304AE6FB9D56}.Debug|iPhone.ActiveCfg = Debug|iPhone
		{3D8488E0-5101-4301-82D6-304AE6FB9D56}.Debug|iPhone.Build.0 = Debug|iPhone
		{3D8488E0-5101-4301-82D6-304AE6FB9D56}.Debug|iPhoneSimulator.ActiveCfg = Debug|iPhoneSimulator
		{3D8488E0-5101-4301-82D6-304AE6FB9D56}.Debug|iPhoneSimulator.Build.0 = Debug|iPhoneSimulator
		{3D8488E0-5101-4301-82D6-304AE6FB9D56}.Debug|x64.ActiveCfg = Debug|iPhone
		{3D8488E0-5101-4301-82D6-304AE6FB9D56}.Debug|x86.ActiveCfg = Debug|iPhone
		{3D8488E0-5101-4301-82D6-304AE6FB9D56}.Release|Any CPU.ActiveCfg = Release|iPhoneSimulator
		{3D8488E0-5101-4301-82D6-304AE6FB9D56}.Release|Any CPU.Build.0 = Release|iPhoneSimulator
		{3D8488E0-5101-4301-82D6-304AE6FB9D56}.Release|ARM.ActiveCfg = Release|iPhone
		{3D8488E0-5101-4301-82D6-304AE6FB9D56}.Release|ARM64.ActiveCfg = Release|iPhone
		{3D8488E0-5101-4301-82D6-304AE6FB9D56}.Release|iPhone.ActiveCfg = Release|iPhone
		{3D8488E0-5101-4301-82D6-304AE6FB9D56}.Release|iPhone.Build.0 = Release|iPhone
		{3D8488E0-5101-4301-82D6-304AE6FB9D56}.Release|iPhoneSimulator.ActiveCfg = Release|iPhoneSimulator
		{3D8488E0-5101-4301-82D6-304AE6FB9D56}.Release|iPhoneSimulator.Build.0 = Release|iPhoneSimulator
		{3D8488E0-5101-4301-82D6-304AE6FB9D56}.Release|x64.ActiveCfg = Release|iPhone
		{3D8488E0-5101-4301-82D6-304AE6FB9D56}.Release|x86.ActiveCfg = Release|iPhone
		{9C1007A0-09FB-447F-9DD9-D91EB572EE5C}.Debug|Any CPU.ActiveCfg = Debug|Any CPU
		{9C1007A0-09FB-447F-9DD9-D91EB572EE5C}.Debug|Any CPU.Build.0 = Debug|Any CPU
		{9C1007A0-09FB-447F-9DD9-D91EB572EE5C}.Debug|ARM.ActiveCfg = Debug|Any CPU
		{9C1007A0-09FB-447F-9DD9-D91EB572EE5C}.Debug|ARM.Build.0 = Debug|Any CPU
		{9C1007A0-09FB-447F-9DD9-D91EB572EE5C}.Debug|ARM64.ActiveCfg = Debug|Any CPU
		{9C1007A0-09FB-447F-9DD9-D91EB572EE5C}.Debug|ARM64.Build.0 = Debug|Any CPU
		{9C1007A0-09FB-447F-9DD9-D91EB572EE5C}.Debug|iPhone.ActiveCfg = Debug|Any CPU
		{9C1007A0-09FB-447F-9DD9-D91EB572EE5C}.Debug|iPhone.Build.0 = Debug|Any CPU
		{9C1007A0-09FB-447F-9DD9-D91EB572EE5C}.Debug|iPhoneSimulator.ActiveCfg = Debug|Any CPU
		{9C1007A0-09FB-447F-9DD9-D91EB572EE5C}.Debug|iPhoneSimulator.Build.0 = Debug|Any CPU
		{9C1007A0-09FB-447F-9DD9-D91EB572EE5C}.Debug|x64.ActiveCfg = Debug|Any CPU
		{9C1007A0-09FB-447F-9DD9-D91EB572EE5C}.Debug|x64.Build.0 = Debug|Any CPU
		{9C1007A0-09FB-447F-9DD9-D91EB572EE5C}.Debug|x86.ActiveCfg = Debug|Any CPU
		{9C1007A0-09FB-447F-9DD9-D91EB572EE5C}.Debug|x86.Build.0 = Debug|Any CPU
		{9C1007A0-09FB-447F-9DD9-D91EB572EE5C}.Release|Any CPU.ActiveCfg = Release|Any CPU
		{9C1007A0-09FB-447F-9DD9-D91EB572EE5C}.Release|Any CPU.Build.0 = Release|Any CPU
		{9C1007A0-09FB-447F-9DD9-D91EB572EE5C}.Release|ARM.ActiveCfg = Release|Any CPU
		{9C1007A0-09FB-447F-9DD9-D91EB572EE5C}.Release|ARM.Build.0 = Release|Any CPU
		{9C1007A0-09FB-447F-9DD9-D91EB572EE5C}.Release|ARM64.ActiveCfg = Release|Any CPU
		{9C1007A0-09FB-447F-9DD9-D91EB572EE5C}.Release|ARM64.Build.0 = Release|Any CPU
		{9C1007A0-09FB-447F-9DD9-D91EB572EE5C}.Release|iPhone.ActiveCfg = Release|Any CPU
		{9C1007A0-09FB-447F-9DD9-D91EB572EE5C}.Release|iPhone.Build.0 = Release|Any CPU
		{9C1007A0-09FB-447F-9DD9-D91EB572EE5C}.Release|iPhoneSimulator.ActiveCfg = Release|Any CPU
		{9C1007A0-09FB-447F-9DD9-D91EB572EE5C}.Release|iPhoneSimulator.Build.0 = Release|Any CPU
		{9C1007A0-09FB-447F-9DD9-D91EB572EE5C}.Release|x64.ActiveCfg = Release|Any CPU
		{9C1007A0-09FB-447F-9DD9-D91EB572EE5C}.Release|x64.Build.0 = Release|Any CPU
		{9C1007A0-09FB-447F-9DD9-D91EB572EE5C}.Release|x86.ActiveCfg = Release|Any CPU
		{9C1007A0-09FB-447F-9DD9-D91EB572EE5C}.Release|x86.Build.0 = Release|Any CPU
		{3CFB83B5-B2DE-4DC5-A2CE-9A309F15186C}.Debug|Any CPU.ActiveCfg = Debug|x86
		{3CFB83B5-B2DE-4DC5-A2CE-9A309F15186C}.Debug|ARM.ActiveCfg = Debug|ARM
		{3CFB83B5-B2DE-4DC5-A2CE-9A309F15186C}.Debug|ARM.Build.0 = Debug|ARM
		{3CFB83B5-B2DE-4DC5-A2CE-9A309F15186C}.Debug|ARM.Deploy.0 = Debug|ARM
		{3CFB83B5-B2DE-4DC5-A2CE-9A309F15186C}.Debug|ARM64.ActiveCfg = Debug|ARM64
		{3CFB83B5-B2DE-4DC5-A2CE-9A309F15186C}.Debug|ARM64.Build.0 = Debug|ARM64
		{3CFB83B5-B2DE-4DC5-A2CE-9A309F15186C}.Debug|ARM64.Deploy.0 = Debug|ARM64
		{3CFB83B5-B2DE-4DC5-A2CE-9A309F15186C}.Debug|iPhone.ActiveCfg = Debug|x86
		{3CFB83B5-B2DE-4DC5-A2CE-9A309F15186C}.Debug|iPhoneSimulator.ActiveCfg = Debug|x86
		{3CFB83B5-B2DE-4DC5-A2CE-9A309F15186C}.Debug|x64.ActiveCfg = Debug|x64
		{3CFB83B5-B2DE-4DC5-A2CE-9A309F15186C}.Debug|x64.Build.0 = Debug|x64
		{3CFB83B5-B2DE-4DC5-A2CE-9A309F15186C}.Debug|x64.Deploy.0 = Debug|x64
		{3CFB83B5-B2DE-4DC5-A2CE-9A309F15186C}.Debug|x86.ActiveCfg = Debug|x86
		{3CFB83B5-B2DE-4DC5-A2CE-9A309F15186C}.Debug|x86.Build.0 = Debug|x86
		{3CFB83B5-B2DE-4DC5-A2CE-9A309F15186C}.Debug|x86.Deploy.0 = Debug|x86
		{3CFB83B5-B2DE-4DC5-A2CE-9A309F15186C}.Release|Any CPU.ActiveCfg = Release|x86
		{3CFB83B5-B2DE-4DC5-A2CE-9A309F15186C}.Release|ARM.ActiveCfg = Release|ARM
		{3CFB83B5-B2DE-4DC5-A2CE-9A309F15186C}.Release|ARM.Build.0 = Release|ARM
		{3CFB83B5-B2DE-4DC5-A2CE-9A309F15186C}.Release|ARM.Deploy.0 = Release|ARM
		{3CFB83B5-B2DE-4DC5-A2CE-9A309F15186C}.Release|ARM64.ActiveCfg = Release|ARM64
		{3CFB83B5-B2DE-4DC5-A2CE-9A309F15186C}.Release|ARM64.Build.0 = Release|ARM64
		{3CFB83B5-B2DE-4DC5-A2CE-9A309F15186C}.Release|ARM64.Deploy.0 = Release|ARM64
		{3CFB83B5-B2DE-4DC5-A2CE-9A309F15186C}.Release|iPhone.ActiveCfg = Release|x86
		{3CFB83B5-B2DE-4DC5-A2CE-9A309F15186C}.Release|iPhoneSimulator.ActiveCfg = Release|x86
		{3CFB83B5-B2DE-4DC5-A2CE-9A309F15186C}.Release|x64.ActiveCfg = Release|x64
		{3CFB83B5-B2DE-4DC5-A2CE-9A309F15186C}.Release|x64.Build.0 = Release|x64
		{3CFB83B5-B2DE-4DC5-A2CE-9A309F15186C}.Release|x64.Deploy.0 = Release|x64
		{3CFB83B5-B2DE-4DC5-A2CE-9A309F15186C}.Release|x86.ActiveCfg = Release|x86
		{3CFB83B5-B2DE-4DC5-A2CE-9A309F15186C}.Release|x86.Build.0 = Release|x86
		{3CFB83B5-B2DE-4DC5-A2CE-9A309F15186C}.Release|x86.Deploy.0 = Release|x86
	EndGlobalSection
	GlobalSection(SolutionProperties) = preSolution
		HideSolutionNode = FALSE
	EndGlobalSection
	GlobalSection(ExtensibilityGlobals) = postSolution
		SolutionGuid = {67533953-A09B-4670-8E5D-EB567D00612C}
	EndGlobalSection
EndGlobal
